
Microsoft Visual Studio Solution File, Format Version 12.00
# Visual Studio Version 17
VisualStudioVersion = 17.4.33213.308
MinimumVisualStudioVersion = 10.0.40219.1
Project("{FAE04EC0-301F-11D3-BF4B-00C04F79EFBC}") = "atmProject", "atmProject\atmProject.csproj", "{27F17E5D-61D0-47F0-8ED6-126B3CB967DB}"
EndProject
Global
	GlobalSection(SolutionConfigurationPlatforms) = preSolution
		Debug|Any CPU = Debug|Any CPU
		Release|Any CPU = Release|Any CPU
	EndGlobalSection
	GlobalSection(ProjectConfigurationPlatforms) = postSolution
		{27F17E5D-61D0-47F0-8ED6-126B3CB967DB}.Debug|Any CPU.ActiveCfg = Debug|Any CPU
		{27F17E5D-61D0-47F0-8ED6-126B3CB967DB}.Debug|Any CPU.Build.0 = Debug|Any CPU
		{27F17E5D-61D0-47F0-8ED6-126B3CB967DB}.Release|Any CPU.ActiveCfg = Release|Any CPU
		{27F17E5D-61D0-47F0-8ED6-126B3CB967DB}.Release|Any CPU.Build.0 = Release|Any CPU
	EndGlobalSection
	GlobalSection(SolutionProperties) = preSolution
		HideSolutionNode = FALSE
	EndGlobalSection
	GlobalSection(ExtensibilityGlobals) = postSolution
		SolutionGuid = {8DF792B3-83FA-4BB2-9AAA-A74E64C981BB}
	EndGlobalSection
EndGlobal
